lockfileVersion: '9.0'

settings:
  autoInstallPeers: true
  excludeLinksFromLockfile: false

importers:

  .:
    dependencies:
      gnim:
        specifier: ^1.5.2
        version: 1.5.2

packages:

  gnim@1.5.2:
    resolution: {integrity: sha512-fozUHBFo6N5pWt7VuI/h3gAHoFvez1SUdMx4sqewtMTDmyqYODMwO6zmNIlcrVk+lj0wHaPN5QUCNd4L3dLW+A==}
    engines: {gjs: '>=1.79.0'}

snapshots:

  gnim@1.5.2: {}
